
Microsoft Visual Studio Solution File, Format Version 12.00
# Visual Studio Version 16
VisualStudioVersion = 16.0.30114.105
MinimumVisualStudioVersion = 10.0.40219.1
Project("{2150E333-8FDC-42A3-9474-1A3956D46DE8}") = "src", "src", "{BCF005D8-2C9D-43F7-BBB8-1E173DB8D213}"
EndProject
Project("{FAE04EC0-301F-11D3-BF4B-00C04F79EFBC}") = "Library", "src\Library\Library.csproj", "{F41C1627-5410-4859-9C5C-EB4D98E21625}"
EndProject
Project("{FAE04EC0-301F-11D3-BF4B-00C04F79EFBC}") = "Program", "src\Program\Program.csproj", "{BBAF5916-AEB2-49ED-8F63-42590A50FF5E}"
EndProject
Global
	GlobalSection(SolutionConfigurationPlatforms) = preSolution
		Debug|Any CPU = Debug|Any CPU
		Release|Any CPU = Release|Any CPU
	EndGlobalSection
	GlobalSection(SolutionProperties) = preSolution
		HideSolutionNode = FALSE
	EndGlobalSection
	GlobalSection(ProjectConfigurationPlatforms) = postSolution
		{F41C1627-5410-4859-9C5C-EB4D98E21625}.Debug|Any CPU.ActiveCfg = Debug|Any CPU
		{F41C1627-5410-4859-9C5C-EB4D98E21625}.Debug|Any CPU.Build.0 = Debug|Any CPU
		{F41C1627-5410-4859-9C5C-EB4D98E21625}.Release|Any CPU.ActiveCfg = Release|Any CPU
		{F41C1627-5410-4859-9C5C-EB4D98E21625}.Release|Any CPU.Build.0 = Release|Any CPU
		{BBAF5916-AEB2-49ED-8F63-42590A50FF5E}.Debug|Any CPU.ActiveCfg = Debug|Any CPU
		{BBAF5916-AEB2-49ED-8F63-42590A50FF5E}.Debug|Any CPU.Build.0 = Debug|Any CPU
		{BBAF5916-AEB2-49ED-8F63-42590A50FF5E}.Release|Any CPU.ActiveCfg = Release|Any CPU
		{BBAF5916-AEB2-49ED-8F63-42590A50FF5E}.Release|Any CPU.Build.0 = Release|Any CPU
	EndGlobalSection
	GlobalSection(NestedProjects) = preSolution
		{F41C1627-5410-4859-9C5C-EB4D98E21625} = {BCF005D8-2C9D-43F7-BBB8-1E173DB8D213}
		{BBAF5916-AEB2-49ED-8F63-42590A50FF5E} = {BCF005D8-2C9D-43F7-BBB8-1E173DB8D213}
	EndGlobalSection
EndGlobal
